# THIS IS AN AUTOGENERATED FILE. DO NOT EDIT THIS FILE DIRECTLY.
# yarn lockfile v1


pytest@^1.0.0:
  version "1.0.0"
  resolved "https://registry.yarnpkg.com/pytest/-/pytest-1.0.0.tgz#5fa23778c77a937209b5d2560e1246dda9507fe6"
  integrity sha512-nh2Z5MFd6WyMqUYvLoTrbGpkcI1Gb2GQ2HmdaGZ0h4lCc8FENRhSr5lcHKSK9KIQ9gfrUT5zJaxRbaA/1XjLlA==
